
Microsoft Visual Studio Solution File, Format Version 12.00
# Visual Studio Version 16
VisualStudioVersion = 25.0.1705.0
MinimumVisualStudioVersion = 10.0.40219.1
Project("{FAE04EC0-301F-11D3-BF4B-00C04F79EFBC}") = "Snake", "Snake\Snake.csproj", "{C0AF40BF-7161-4CF8-87E7-956D557768BB}"
EndProject
Global
	GlobalSection(SolutionConfigurationPlatforms) = preSolution
		Debug|Any CPU = Debug|Any CPU
		Release|Any CPU = Release|Any CPU
	EndGlobalSection
	GlobalSection(ProjectConfigurationPlatforms) = postSolution
		{C0AF40BF-7161-4CF8-87E7-956D557768BB}.Debug|Any CPU.ActiveCfg = Debug|Any CPU
		{C0AF40BF-7161-4CF8-87E7-956D557768BB}.Debug|Any CPU.Build.0 = Debug|Any CPU
		{C0AF40BF-7161-4CF8-87E7-956D557768BB}.Release|Any CPU.ActiveCfg = Release|Any CPU
		{C0AF40BF-7161-4CF8-87E7-956D557768BB}.Release|Any CPU.Build.0 = Release|Any CPU
	EndGlobalSection
	GlobalSection(SolutionProperties) = preSolution
		HideSolutionNode = FALSE
	EndGlobalSection
	GlobalSection(ExtensibilityGlobals) = postSolution
		SolutionGuid = {043BD1DD-2C08-4F4C-8238-6F9667357867}
	EndGlobalSection
EndGlobal
